# This file was autogenerated by Stack.
# You should not edit this file by hand.
# For more information, please see the documentation at:
#   https://docs.haskellstack.org/en/stable/lock_files

packages:
- completed:
    hackage: knit-0.1.0.0@sha256:48d883a59e55de881e852aa48c164888dd4ccc65025149d749d7ba14536e080f,1729
    pantry-tree:
      size: 667
      sha256: c3e5bd943b1c432f584edd90a9b0df79f51406fa68cc04afb6928983dc5a3fc2
  original:
    hackage: knit-0.1.0.0
snapshots:
- completed:
    size: 524127
    url: https://raw.githubusercontent.com/commercialhaskell/stackage-snapshots/master/lts/14/6.yaml
    sha256: dc70dfb45e2c32f54719819bd055f46855dd4b3bd2e58b9f3f38729a2d553fbb
  original: lts-14.6
